
Microsoft Visual Studio Solution File, Format Version 12.00
# Visual Studio Version 17
VisualStudioVersion = 17.1.32228.430
MinimumVisualStudioVersion = 10.0.40219.1
Project("{FAE04EC0-301F-11D3-BF4B-00C04F79EFBC}") = "notpad", "notpad\notpad.csproj", "{73BCAF0A-6F2F-4771-A97B-2AE6217007E5}"
EndProject
Global
	GlobalSection(SolutionConfigurationPlatforms) = preSolution
		Debug|Any CPU = Debug|Any CPU
		Release|Any CPU = Release|Any CPU
	EndGlobalSection
	GlobalSection(ProjectConfigurationPlatforms) = postSolution
		{73BCAF0A-6F2F-4771-A97B-2AE6217007E5}.Debug|Any CPU.ActiveCfg = Debug|Any CPU
		{73BCAF0A-6F2F-4771-A97B-2AE6217007E5}.Debug|Any CPU.Build.0 = Debug|Any CPU
		{73BCAF0A-6F2F-4771-A97B-2AE6217007E5}.Release|Any CPU.ActiveCfg = Release|Any CPU
		{73BCAF0A-6F2F-4771-A97B-2AE6217007E5}.Release|Any CPU.Build.0 = Release|Any CPU
	EndGlobalSection
	GlobalSection(SolutionProperties) = preSolution
		HideSolutionNode = FALSE
	EndGlobalSection
	GlobalSection(ExtensibilityGlobals) = postSolution
		SolutionGuid = {ADAC5D6A-9357-4DC9-B5A3-4BF7C7FB6317}
	EndGlobalSection
EndGlobal
